
Microsoft Visual Studio Solution File, Format Version 12.00
# Visual Studio 15
VisualStudioVersion = 15.0.26124.0
MinimumVisualStudioVersion = 15.0.26124.0
Project("{2150E333-8FDC-42A3-9474-1A3956D46DE8}") = "src", "src", "{53EACAF4-086E-43E5-AE67-6B0F77651C7F}"
EndProject
Project("{FAE04EC0-301F-11D3-BF4B-00C04F79EFBC}") = "RestApiDemo", "src\RestApiDemo\RestApiDemo.csproj", "{37414647-7C7B-4002-8596-CA4867B0CF15}"
EndProject
Project("{2150E333-8FDC-42A3-9474-1A3956D46DE8}") = "test", "test", "{9EAAD7AC-1098-4D5E-AE8F-41175FB89746}"
EndProject
Project("{FAE04EC0-301F-11D3-BF4B-00C04F79EFBC}") = "RestApiDemo.Test", "test\RestApiDemo.Test\RestApiDemo.Test.csproj", "{E20BE27F-2D35-45C9-B97A-71A5CB66AB12}"
EndProject
Global
	GlobalSection(SolutionConfigurationPlatforms) = preSolution
		Debug|Any CPU = Debug|Any CPU
		Debug|x64 = Debug|x64
		Debug|x86 = Debug|x86
		Release|Any CPU = Release|Any CPU
		Release|x64 = Release|x64
		Release|x86 = Release|x86
	EndGlobalSection
	GlobalSection(SolutionProperties) = preSolution
		HideSolutionNode = FALSE
	EndGlobalSection
	GlobalSection(ProjectConfigurationPlatforms) = postSolution
		{37414647-7C7B-4002-8596-CA4867B0CF15}.Debug|Any CPU.ActiveCfg = Debug|Any CPU
		{37414647-7C7B-4002-8596-CA4867B0CF15}.Debug|Any CPU.Build.0 = Debug|Any CPU
		{37414647-7C7B-4002-8596-CA4867B0CF15}.Debug|x64.ActiveCfg = Debug|Any CPU
		{37414647-7C7B-4002-8596-CA4867B0CF15}.Debug|x64.Build.0 = Debug|Any CPU
		{37414647-7C7B-4002-8596-CA4867B0CF15}.Debug|x86.ActiveCfg = Debug|Any CPU
		{37414647-7C7B-4002-8596-CA4867B0CF15}.Debug|x86.Build.0 = Debug|Any CPU
		{37414647-7C7B-4002-8596-CA4867B0CF15}.Release|Any CPU.ActiveCfg = Release|Any CPU
		{37414647-7C7B-4002-8596-CA4867B0CF15}.Release|Any CPU.Build.0 = Release|Any CPU
		{37414647-7C7B-4002-8596-CA4867B0CF15}.Release|x64.ActiveCfg = Release|Any CPU
		{37414647-7C7B-4002-8596-CA4867B0CF15}.Release|x64.Build.0 = Release|Any CPU
		{37414647-7C7B-4002-8596-CA4867B0CF15}.Release|x86.ActiveCfg = Release|Any CPU
		{37414647-7C7B-4002-8596-CA4867B0CF15}.Release|x86.Build.0 = Release|Any CPU
		{E20BE27F-2D35-45C9-B97A-71A5CB66AB12}.Debug|Any CPU.ActiveCfg = Debug|Any CPU
		{E20BE27F-2D35-45C9-B97A-71A5CB66AB12}.Debug|Any CPU.Build.0 = Debug|Any CPU
		{E20BE27F-2D35-45C9-B97A-71A5CB66AB12}.Debug|x64.ActiveCfg = Debug|Any CPU
		{E20BE27F-2D35-45C9-B97A-71A5CB66AB12}.Debug|x64.Build.0 = Debug|Any CPU
		{E20BE27F-2D35-45C9-B97A-71A5CB66AB12}.Debug|x86.ActiveCfg = Debug|Any CPU
		{E20BE27F-2D35-45C9-B97A-71A5CB66AB12}.Debug|x86.Build.0 = Debug|Any CPU
		{E20BE27F-2D35-45C9-B97A-71A5CB66AB12}.Release|Any CPU.ActiveCfg = Release|Any CPU
		{E20BE27F-2D35-45C9-B97A-71A5CB66AB12}.Release|Any CPU.Build.0 = Release|Any CPU
		{E20BE27F-2D35-45C9-B97A-71A5CB66AB12}.Release|x64.ActiveCfg = Release|Any CPU
		{E20BE27F-2D35-45C9-B97A-71A5CB66AB12}.Release|x64.Build.0 = Release|Any CPU
		{E20BE27F-2D35-45C9-B97A-71A5CB66AB12}.Release|x86.ActiveCfg = Release|Any CPU
		{E20BE27F-2D35-45C9-B97A-71A5CB66AB12}.Release|x86.Build.0 = Release|Any CPU
	EndGlobalSection
	GlobalSection(NestedProjects) = preSolution
		{37414647-7C7B-4002-8596-CA4867B0CF15} = {53EACAF4-086E-43E5-AE67-6B0F77651C7F}
		{E20BE27F-2D35-45C9-B97A-71A5CB66AB12} = {9EAAD7AC-1098-4D5E-AE8F-41175FB89746}
	EndGlobalSection
EndGlobal
